
Microsoft Visual Studio Solution File, Format Version 12.00
# Visual Studio Version 17
VisualStudioVersion = 17.9.34616.47
MinimumVisualStudioVersion = 10.0.40219.1
Project("{FAE04EC0-301F-11D3-BF4B-00C04F79EFBC}") = "VideoGames", "VideoGames\VideoGames.csproj", "{F35BE8C2-6BF0-4337-85C1-ED85DD8D53DA}"
EndProject
Global
	GlobalSection(SolutionConfigurationPlatforms) = preSolution
		Debug|Any CPU = Debug|Any CPU
		Release|Any CPU = Release|Any CPU
	EndGlobalSection
	GlobalSection(ProjectConfigurationPlatforms) = postSolution
		{F35BE8C2-6BF0-4337-85C1-ED85DD8D53DA}.Debug|Any CPU.ActiveCfg = Debug|Any CPU
		{F35BE8C2-6BF0-4337-85C1-ED85DD8D53DA}.Debug|Any CPU.Build.0 = Debug|Any CPU
		{F35BE8C2-6BF0-4337-85C1-ED85DD8D53DA}.Release|Any CPU.ActiveCfg = Release|Any CPU
		{F35BE8C2-6BF0-4337-85C1-ED85DD8D53DA}.Release|Any CPU.Build.0 = Release|Any CPU
	EndGlobalSection
	GlobalSection(SolutionProperties) = preSolution
		HideSolutionNode = FALSE
	EndGlobalSection
	GlobalSection(ExtensibilityGlobals) = postSolution
		SolutionGuid = {45A53AA5-E08A-4230-8D03-E45EB6EEB8D1}
	EndGlobalSection
EndGlobal
